// !$*UTF8*$!
{
	archiveVersion = 1;
	classes = {
	};
	objectVersion = 46;
	objects = {

/* Begin PBXBuildFile section */
		4C52EC271A3941DC00E9B3AF /* libz.1.2.5.dylib in Frameworks */ = {isa = PBXBuildFile; fileRef = 4C52EC261A3941DC00E9B3AF /* libz.1.2.5.dylib */; };
		4C715F461A4D2744009DAD58 /* CameraViewController.m in Sources */ = {isa = PBXBuildFile; fileRef = 4C715F441A4D2744009DAD58 /* CameraViewController.m */; };
		4C715F471A4D2744009DAD58 /* CameraViewController.xib in Resources */ = {isa = PBXBuildFile; fileRef = 4C715F451A4D2744009DAD58 /* CameraViewController.xib */; };
		4C81F7EC1A2FF76B006EC280 /* Foundation.framework in Frameworks */ = {isa = PBXBuildFile; fileRef = 4C81F7EB1A2FF76B006EC280 /* Foundation.framework */; };
		4C81F7EE1A2FF76B006EC280 /* CoreGraphics.framework in Frameworks */ = {isa = PBXBuildFile; fileRef = 4C81F7ED1A2FF76B006EC280 /* CoreGraphics.framework */; };
		4C81F7F01A2FF76B006EC280 /* UIKit.framework in Frameworks */ = {isa = PBXBuildFile; fileRef = 4C81F7EF1A2FF76B006EC280 /* UIKit.framework */; };
		4C81F7F61A2FF76B006EC280 /* InfoPlist.strings in Resources */ = {isa = PBXBuildFile; fileRef = 4C81F7F41A2FF76B006EC280 /* InfoPlist.strings */; };
		4C81F7F81A2FF76B006EC280 /* main.m in Sources */ = {isa = PBXBuildFile; fileRef = 4C81F7F71A2FF76B006EC280 /* main.m */; };
		4C81F7FC1A2FF76B006EC280 /* ADAppDelegate.m in Sources */ = {isa = PBXBuildFile; fileRef = 4C81F7FB1A2FF76B006EC280 /* ADAppDelegate.m */; };
		4C81F7FE1A2FF76B006EC280 /* Images.xcassets in Resources */ = {isa = PBXBuildFile; fileRef = 4C81F7FD1A2FF76B006EC280 /* Images.xcassets */; };
		4C81F8051A2FF76B006EC280 /* XCTest.framework in Frameworks */ = {isa = PBXBuildFile; fileRef = 4C81F8041A2FF76B006EC280 /* XCTest.framework */; };
		4C81F8061A2FF76B006EC280 /* Foundation.framework in Frameworks */ = {isa = PBXBuildFile; fileRef = 4C81F7EB1A2FF76B006EC280 /* Foundation.framework */; };
		4C81F8071A2FF76B006EC280 /* UIKit.framework in Frameworks */ = {isa = PBXBuildFile; fileRef = 4C81F7EF1A2FF76B006EC280 /* UIKit.framework */; };
		4C81F80F1A2FF76B006EC280 /* InfoPlist.strings in Resources */ = {isa = PBXBuildFile; fileRef = 4C81F80D1A2FF76B006EC280 /* InfoPlist.strings */; };
		4C81F8111A2FF76B006EC280 /* VideoTests.m in Sources */ = {isa = PBXBuildFile; fileRef = 4C81F8101A2FF76B006EC280 /* VideoTests.m */; };
		4C81F81E1A2FF77E006EC280 /* AsyncUdpSocket.m in Sources */ = {isa = PBXBuildFile; fileRef = 4C81F81B1A2FF77E006EC280 /* AsyncUdpSocket.m */; settings = {COMPILER_FLAGS = "-fno-objc-arc"; }; };
		4C81F8321A2FFBEB006EC280 /* AVFoundation.framework in Frameworks */ = {isa = PBXBuildFile; fileRef = 4C81F8311A2FFBEB006EC280 /* AVFoundation.framework */; };
/* End PBXBuildFile section */

/* Begin PBXContainerItemProxy section */
		4C81F8081A2FF76B006EC280 /* PBXContainerItemProxy */ = {
			isa = PBXContainerItemProxy;
			containerPortal = 4C81F7E01A2FF76B006EC280 /* Project object */;
			proxyType = 1;
			remoteGlobalIDString = 4C81F7E71A2FF76B006EC280;
			remoteInfo = Video;
		};
/* End PBXContainerItemProxy section */

/* Begin PBXFileReference section */
		4C52EC241A39408000E9B3AF /* CoreData.framework */ = {isa = PBXFileReference; lastKnownFileType = wrapper.framework; name = CoreData.framework; path = System/Library/Frameworks/CoreData.framework; sourceTree = SDKROOT; };
		4C52EC261A3941DC00E9B3AF /* libz.1.2.5.dylib */ = {isa = PBXFileReference; lastKnownFileType = "compiled.mach-o.dylib"; name = libz.1.2.5.dylib; path = usr/lib/libz.1.2.5.dylib; sourceTree = SDKROOT; };
		4C715F431A4D2744009DAD58 /* CameraViewController.h */ = {isa = PBXFileReference; fileEncoding = 4; lastKnownFileType = sourcecode.c.h; path = CameraViewController.h; sourceTree = "<group>"; };
		4C715F441A4D2744009DAD58 /* CameraViewController.m */ = {isa = PBXFileReference; fileEncoding = 4; lastKnownFileType = sourcecode.c.objc; path = CameraViewController.m; sourceTree = "<group>"; };
		4C715F451A4D2744009DAD58 /* CameraViewController.xib */ = {isa = PBXFileReference; fileEncoding = 4; lastKnownFileType = file.xib; path = CameraViewController.xib; sourceTree = "<group>"; };
		4C81F7E81A2FF76B006EC280 /* Video.app */ = {isa = PBXFileReference; explicitFileType = wrapper.application; includeInIndex = 0; path = Video.app; sourceTree = BUILT_PRODUCTS_DIR; };
		4C81F7EB1A2FF76B006EC280 /* Foundation.framework */ = {isa = PBXFileReference; lastKnownFileType = wrapper.framework; name = Foundation.framework; path = System/Library/Frameworks/Foundation.framework; sourceTree = SDKROOT; };
		4C81F7ED1A2FF76B006EC280 /* CoreGraphics.framework */ = {isa = PBXFileReference; lastKnownFileType = wrapper.framework; name = CoreGraphics.framework; path = System/Library/Frameworks/CoreGraphics.framework; sourceTree = SDKROOT; };
		4C81F7EF1A2FF76B006EC280 /* UIKit.framework */ = {isa = PBXFileReference; lastKnownFileType = wrapper.framework; name = UIKit.framework; path = System/Library/Frameworks/UIKit.framework; sourceTree = SDKROOT; };
		4C81F7F31A2FF76B006EC280 /* Video-Info.plist */ = {isa = PBXFileReference; lastKnownFileType = text.plist.xml; path = "Video-Info.plist"; sourceTree = "<group>"; };
		4C81F7F51A2FF76B006EC280 /* en */ = {isa = PBXFileReference; lastKnownFileType = text.plist.strings; name = en; path = en.lproj/InfoPlist.strings; sourceTree = "<group>"; };
		4C81F7F71A2FF76B006EC280 /* main.m */ = {isa = PBXFileReference; lastKnownFileType = sourcecode.c.objc; path = main.m; sourceTree = "<group>"; };
		4C81F7F91A2FF76B006EC280 /* Video-Prefix.pch */ = {isa = PBXFileReference; lastKnownFileType = sourcecode.c.h; path = "Video-Prefix.pch"; sourceTree = "<group>"; };
		4C81F7FA1A2FF76B006EC280 /* ADAppDelegate.h */ = {isa = PBXFileReference; lastKnownFileType = sourcecode.c.h; path = ADAppDelegate.h; sourceTree = "<group>"; };
		4C81F7FB1A2FF76B006EC280 /* ADAppDelegate.m */ = {isa = PBXFileReference; lastKnownFileType = sourcecode.c.objc; path = ADAppDelegate.m; sourceTree = "<group>"; };
		4C81F7FD1A2FF76B006EC280 /* Images.xcassets */ = {isa = PBXFileReference; lastKnownFileType = folder.assetcatalog; path = Images.xcassets; sourceTree = "<group>"; };
		4C81F8031A2FF76B006EC280 /* VideoTests.xctest */ = {isa = PBXFileReference; explicitFileType = wrapper.cfbundle; includeInIndex = 0; path = VideoTests.xctest; sourceTree = BUILT_PRODUCTS_DIR; };
		4C81F8041A2FF76B006EC280 /* XCTest.framework */ = {isa = PBXFileReference; lastKnownFileType = wrapper.framework; name = XCTest.framework; path = Library/Frameworks/XCTest.framework; sourceTree = DEVELOPER_DIR; };
		4C81F80C1A2FF76B006EC280 /* VideoTests-Info.plist */ = {isa = PBXFileReference; lastKnownFileType = text.plist.xml; path = "VideoTests-Info.plist"; sourceTree = "<group>"; };
		4C81F80E1A2FF76B006EC280 /* en */ = {isa = PBXFileReference; lastKnownFileType = text.plist.strings; name = en; path = en.lproj/InfoPlist.strings; sourceTree = "<group>"; };
		4C81F8101A2FF76B006EC280 /* VideoTests.m */ = {isa = PBXFileReference; lastKnownFileType = sourcecode.c.objc; path = VideoTests.m; sourceTree = "<group>"; };
		4C81F81A1A2FF77E006EC280 /* AsyncUdpSocket.h */ = {isa = PBXFileReference; fileEncoding = 4; lastKnownFileType = sourcecode.c.h; name = AsyncUdpSocket.h; path = ../AsyncUdpSocket.h; sourceTree = "<group>"; };
		4C81F81B1A2FF77E006EC280 /* AsyncUdpSocket.m */ = {isa = PBXFileReference; fileEncoding = 4; lastKnownFileType = sourcecode.c.objc; name = AsyncUdpSocket.m; path = ../AsyncUdpSocket.m; sourceTree = "<group>"; };
		4C81F8311A2FFBEB006EC280 /* AVFoundation.framework */ = {isa = PBXFileReference; lastKnownFileType = wrapper.framework; name = AVFoundation.framework; path = System/Library/Frameworks/AVFoundation.framework; sourceTree = SDKROOT; };
/* End PBXFileReference section */

/* Begin PBXFrameworksBuildPhase section */
		4C81F7E51A2FF76B006EC280 /* Frameworks */ = {
			isa = PBXFrameworksBuildPhase;
			buildActionMask = 2147483647;
			files = (
				4C52EC271A3941DC00E9B3AF /* libz.1.2.5.dylib in Frameworks */,
				4C81F8321A2FFBEB006EC280 /* AVFoundation.framework in Frameworks */,
				4C81F7EE1A2FF76B006EC280 /* CoreGraphics.framework in Frameworks */,
				4C81F7F01A2FF76B006EC280 /* UIKit.framework in Frameworks */,
				4C81F7EC1A2FF76B006EC280 /* Foundation.framework in Frameworks */,
			);
			runOnlyForDeploymentPostprocessing = 0;
		};
		4C81F8001A2FF76B006EC280 /* Frameworks */ = {
			isa = PBXFrameworksBuildPhase;
			buildActionMask = 2147483647;
			files = (
				4C81F8051A2FF76B006EC280 /* XCTest.framework in Frameworks */,
				4C81F8071A2FF76B006EC280 /* UIKit.framework in Frameworks */,
				4C81F8061A2FF76B006EC280 /* Foundation.framework in Frameworks */,
			);
			runOnlyForDeploymentPostprocessing = 0;
		};
/* End PBXFrameworksBuildPhase section */

/* Begin PBXGroup section */
		4C81F7DF1A2FF76B006EC280 = {
			isa = PBXGroup;
			children = (
				4C81F7F11A2FF76B006EC280 /* Video */,
				4C81F80A1A2FF76B006EC280 /* VideoTests */,
				4C81F7EA1A2FF76B006EC280 /* Frameworks */,
				4C81F7E91A2FF76B006EC280 /* Products */,
			);
			sourceTree = "<group>";
		};
		4C81F7E91A2FF76B006EC280 /* Products */ = {
			isa = PBXGroup;
			children = (
				4C81F7E81A2FF76B006EC280 /* Video.app */,
				4C81F8031A2FF76B006EC280 /* VideoTests.xctest */,
			);
			name = Products;
			sourceTree = "<group>";
		};
		4C81F7EA1A2FF76B006EC280 /* Frameworks */ = {
			isa = PBXGroup;
			children = (
				4C52EC261A3941DC00E9B3AF /* libz.1.2.5.dylib */,
				4C52EC241A39408000E9B3AF /* CoreData.framework */,
				4C81F8311A2FFBEB006EC280 /* AVFoundation.framework */,
				4C81F7EB1A2FF76B006EC280 /* Foundation.framework */,
				4C81F7ED1A2FF76B006EC280 /* CoreGraphics.framework */,
				4C81F7EF1A2FF76B006EC280 /* UIKit.framework */,
				4C81F8041A2FF76B006EC280 /* XCTest.framework */,
			);
			name = Frameworks;
			sourceTree = "<group>";
		};
		4C81F7F11A2FF76B006EC280 /* Video */ = {
			isa = PBXGroup;
			children = (
				4C81F7FA1A2FF76B006EC280 /* ADAppDelegate.h */,
				4C81F7FB1A2FF76B006EC280 /* ADAppDelegate.m */,
				4C81F81A1A2FF77E006EC280 /* AsyncUdpSocket.h */,
				4C81F81B1A2FF77E006EC280 /* AsyncUdpSocket.m */,
				4C81F7FD1A2FF76B006EC280 /* Images.xcassets */,
				4C715F431A4D2744009DAD58 /* CameraViewController.h */,
				4C715F441A4D2744009DAD58 /* CameraViewController.m */,
				4C715F451A4D2744009DAD58 /* CameraViewController.xib */,
				4C81F7F21A2FF76B006EC280 /* Supporting Files */,
			);
			path = Video;
			sourceTree = "<group>";
		};
		4C81F7F21A2FF76B006EC280 /* Supporting Files */ = {
			isa = PBXGroup;
			children = (
				4C81F7F31A2FF76B006EC280 /* Video-Info.plist */,
				4C81F7F41A2FF76B006EC280 /* InfoPlist.strings */,
				4C81F7F71A2FF76B006EC280 /* main.m */,
				4C81F7F91A2FF76B006EC280 /* Video-Prefix.pch */,
			);
			name = "Supporting Files";
			sourceTree = "<group>";
		};
		4C81F80A1A2FF76B006EC280 /* VideoTests */ = {
			isa = PBXGroup;
			children = (
				4C81F8101A2FF76B006EC280 /* VideoTests.m */,
				4C81F80B1A2FF76B006EC280 /* Supporting Files */,
			);
			path = VideoTests;
			sourceTree = "<group>";
		};
		4C81F80B1A2FF76B006EC280 /* Supporting Files */ = {
			isa = PBXGroup;
			children = (
				4C81F80C1A2FF76B006EC280 /* VideoTests-Info.plist */,
				4C81F80D1A2FF76B006EC280 /* InfoPlist.strings */,
			);
			name = "Supporting Files";
			sourceTree = "<group>";
		};
/* End PBXGroup section */

/* Begin PBXNativeTarget section */
		4C81F7E71A2FF76B006EC280 /* Video */ = {
			isa = PBXNativeTarget;
			buildConfigurationList = 4C81F8141A2FF76B006EC280 /* Build configuration list for PBXNativeTarget "Video" */;
			buildPhases = (
				4C81F7E41A2FF76B006EC280 /* Sources */,
				4C81F7E51A2FF76B006EC280 /* Frameworks */,
				4C81F7E61A2FF76B006EC280 /* Resources */,
			);
			buildRules = (
			);
			dependencies = (
			);
			name = Video;
			productName = Video;
			productReference = 4C81F7E81A2FF76B006EC280 /* Video.app */;
			productType = "com.apple.product-type.application";
		};
		4C81F8021A2FF76B006EC280 /* VideoTests */ = {
			isa = PBXNativeTarget;
			buildConfigurationList = 4C81F8171A2FF76B006EC280 /* Build configuration list for PBXNativeTarget "VideoTests" */;
			buildPhases = (
				4C81F7FF1A2FF76B006EC280 /* Sources */,
				4C81F8001A2FF76B006EC280 /* Frameworks */,
				4C81F8011A2FF76B006EC280 /* Resources */,
			);
			buildRules = (
			);
			dependencies = (
				4C81F8091A2FF76B006EC280 /* PBXTargetDependency */,
			);
			name = VideoTests;
			productName = VideoTests;
			productReference = 4C81F8031A2FF76B006EC280 /* VideoTests.xctest */;
			productType = "com.apple.product-type.bundle.unit-test";
		};
/* End PBXNativeTarget section */

/* Begin PBXProject section */
		4C81F7E01A2FF76B006EC280 /* Project object */ = {
			isa = PBXProject;
			attributes = {
				CLASSPREFIX = AD;
				LastUpgradeCheck = 0510;
				ORGANIZATIONNAME = hmc;
				TargetAttributes = {
					4C81F7E71A2FF76B006EC280 = {
						DevelopmentTeam = 5WW967ZXW9;
						ProvisioningStyle = Automatic;
					};
					4C81F8021A2FF76B006EC280 = {
						TestTargetID = 4C81F7E71A2FF76B006EC280;
					};
				};
			};
			buildConfigurationList = 4C81F7E31A2FF76B006EC280 /* Build configuration list for PBXProject "Video" */;
			compatibilityVersion = "Xcode 3.2";
			developmentRegion = English;
			hasScannedForEncodings = 0;
			knownRegions = (
				en,
			);
			mainGroup = 4C81F7DF1A2FF76B006EC280;
			productRefGroup = 4C81F7E91A2FF76B006EC280 /* Products */;
			projectDirPath = "";
			projectRoot = "";
			targets = (
				4C81F7E71A2FF76B006EC280 /* Video */,
				4C81F8021A2FF76B006EC280 /* VideoTests */,
			);
		};
/* End PBXProject section */

/* Begin PBXResourcesBuildPhase section */
		4C81F7E61A2FF76B006EC280 /* Resources */ = {
			isa = PBXResourcesBuildPhase;
			buildActionMask = 2147483647;
			files = (
				4C715F471A4D2744009DAD58 /* CameraViewController.xib in Resources */,
				4C81F7F61A2FF76B006EC280 /* InfoPlist.strings in Resources */,
				4C81F7FE1A2FF76B006EC280 /* Images.xcassets in Resources */,
			);
			runOnlyForDeploymentPostprocessing = 0;
		};
		4C81F8011A2FF76B006EC280 /* Resources */ = {
			isa = PBXResourcesBuildPhase;
			buildActionMask = 2147483647;
			files = (
				4C81F80F1A2FF76B006EC280 /* InfoPlist.strings in Resources */,
			);
			runOnlyForDeploymentPostprocessing = 0;
		};
/* End PBXResourcesBuildPhase section */

/* Begin PBXSourcesBuildPhase section */
		4C81F7E41A2FF76B006EC280 /* Sources */ = {
			isa = PBXSourcesBuildPhase;
			buildActionMask = 2147483647;
			files = (
				4C81F81E1A2FF77E006EC280 /* AsyncUdpSocket.m in Sources */,
				4C715F461A4D2744009DAD58 /* CameraViewController.m in Sources */,
				4C81F7F81A2FF76B006EC280 /* main.m in Sources */,
				4C81F7FC1A2FF76B006EC280 /* ADAppDelegate.m in Sources */,
			);
			runOnlyForDeploymentPostprocessing = 0;
		};
		4C81F7FF1A2FF76B006EC280 /* Sources */ = {
			isa = PBXSourcesBuildPhase;
			buildActionMask = 2147483647;
			files = (
				4C81F8111A2FF76B006EC280 /* VideoTests.m in Sources */,
			);
			runOnlyForDeploymentPostprocessing = 0;
		};
/* End PBXSourcesBuildPhase section */

/* Begin PBXTargetDependency section */
		4C81F8091A2FF76B006EC280 /* PBXTargetDependency */ = {
			isa = PBXTargetDependency;
			target = 4C81F7E71A2FF76B006EC280 /* Video */;
			targetProxy = 4C81F8081A2FF76B006EC280 /* PBXContainerItemProxy */;
		};
/* End PBXTargetDependency section */

/* Begin PBXVariantGroup section */
		4C81F7F41A2FF76B006EC280 /* InfoPlist.strings */ = {
			isa = PBXVariantGroup;
			children = (
				4C81F7F51A2FF76B006EC280 /* en */,
			);
			name = InfoPlist.strings;
			sourceTree = "<group>";
		};
		4C81F80D1A2FF76B006EC280 /* InfoPlist.strings */ = {
			isa = PBXVariantGroup;
			children = (
				4C81F80E1A2FF76B006EC280 /* en */,
			);
			name = InfoPlist.strings;
			sourceTree = "<group>";
		};
/* End PBXVariantGroup section */

/* Begin XCBuildConfiguration section */
		4C81F8121A2FF76B006EC280 /* Debug */ = {
			isa = XCBuildConfiguration;
			buildSettings = {
				ALWAYS_SEARCH_USER_PATHS = NO;
				CLANG_CXX_LANGUAGE_STANDARD = "gnu++0x";
				CLANG_CXX_LIBRARY = "libc++";
				CLANG_ENABLE_MODULES = YES;
				CLANG_ENABLE_OBJC_ARC = YES;
				CLANG_WARN_BOOL_CONVERSION = YES;
				CLANG_WARN_CONSTANT_CONVERSION = YES;
				CLANG_WARN_DIRECT_OBJC_ISA_USAGE = YES_ERROR;
				CLANG_WARN_EMPTY_BODY = YES;
				CLANG_WARN_ENUM_CONVERSION = YES;
				CLANG_WARN_INT_CONVERSION = YES;
				CLANG_WARN_OBJC_ROOT_CLASS = YES_ERROR;
				CLANG_WARN__DUPLICATE_METHOD_MATCH = YES;
				CODE_SIGN_IDENTITY = "iPhone Developer: rong bing (C9Q3CJ4XR3)";
				"CODE_SIGN_IDENTITY[sdk=iphoneos*]" = "iPhone Developer: rong bing (C9Q3CJ4XR3)";
				COPY_PHASE_STRIP = NO;
				GCC_C_LANGUAGE_STANDARD = gnu99;
				GCC_DYNAMIC_NO_PIC = NO;
				GCC_OPTIMIZATION_LEVEL = 0;
				GCC_PREPROCESSOR_DEFINITIONS = (
					"DEBUG=1",
					"$(inherited)",
				);
				GCC_SYMBOLS_PRIVATE_EXTERN = NO;
				GCC_WARN_64_TO_32_BIT_CONVERSION = YES;
				GCC_WARN_ABOUT_RETURN_TYPE = YES_ERROR;
				GCC_WARN_UNDECLARED_SELECTOR = YES;
				GCC_WARN_UNINITIALIZED_AUTOS = YES_AGGRESSIVE;
				GCC_WARN_UNUSED_FUNCTION = YES;
				GCC_WARN_UNUSED_VARIABLE = YES;
				IPHONEOS_DEPLOYMENT_TARGET = 7.1;
				ONLY_ACTIVE_ARCH = YES;
				PROVISIONING_PROFILE = "45c935ac-5089-4293-a40b-d22a3be7c8da";
				SDKROOT = iphoneos;
			};
			name = Debug;
		};
		4C81F8131A2FF76B006EC280 /* Release */ = {
			isa = XCBuildConfiguration;
			buildSettings = {
				ALWAYS_SEARCH_USER_PATHS = NO;
				CLANG_CXX_LANGUAGE_STANDARD = "gnu++0x";
				CLANG_CXX_LIBRARY = "libc++";
				CLANG_ENABLE_MODULES = YES;
				CLANG_ENABLE_OBJC_ARC = YES;
				CLANG_WARN_BOOL_CONVERSION = YES;
				CLANG_WARN_CONSTANT_CONVERSION = YES;
				CLANG_WARN_DIRECT_OBJC_ISA_USAGE = YES_ERROR;
				CLANG_WARN_EMPTY_BODY = YES;
				CLANG_WARN_ENUM_CONVERSION = YES;
				CLANG_WARN_INT_CONVERSION = YES;
				CLANG_WARN_OBJC_ROOT_CLASS = YES_ERROR;
				CLANG_WARN__DUPLICATE_METHOD_MATCH = YES;
				CODE_SIGN_IDENTITY = "iPhone Developer: rong bing (C9Q3CJ4XR3)";
				"CODE_SIGN_IDENTITY[sdk=iphoneos*]" = "iPhone Developer: rong bing (C9Q3CJ4XR3)";
				COPY_PHASE_STRIP = YES;
				ENABLE_NS_ASSERTIONS = NO;
				GCC_C_LANGUAGE_STANDARD = gnu99;
				GCC_WARN_64_TO_32_BIT_CONVERSION = YES;
				GCC_WARN_ABOUT_RETURN_TYPE = YES_ERROR;
				GCC_WARN_UNDECLARED_SELECTOR = YES;
				GCC_WARN_UNINITIALIZED_AUTOS = YES_AGGRESSIVE;
				GCC_WARN_UNUSED_FUNCTION = YES;
				GCC_WARN_UNUSED_VARIABLE = YES;
				IPHONEOS_DEPLOYMENT_TARGET = 7.1;
				PROVISIONING_PROFILE = "45c935ac-5089-4293-a40b-d22a3be7c8da";
				SDKROOT = iphoneos;
				VALIDATE_PRODUCT = YES;
			};
			name = Release;
		};
		4C81F8151A2FF76B006EC280 /* Debug */ = {
			isa = XCBuildConfiguration;
			buildSettings = {
				ARCHS = "$(ARCHS_STANDARD)";
				ASSETCATALOG_COMPILER_APPICON_NAME = AppIcon;
				ASSETCATALOG_COMPILER_LAUNCHIMAGE_NAME = LaunchImage;
				CODE_SIGN_IDENTITY = "iPhone Developer: rong bing (C9Q3CJ4XR3)";
				"CODE_SIGN_IDENTITY[sdk=iphoneos*]" = "iPhone Developer";
				CODE_SIGN_STYLE = Automatic;
				DEVELOPMENT_TEAM = 5WW967ZXW9;
				GCC_PRECOMPILE_PREFIX_HEADER = YES;
				GCC_PREFIX_HEADER = "Video/Video-Prefix.pch";
				INFOPLIST_FILE = "Video/Video-Info.plist";
				IPHONEOS_DEPLOYMENT_TARGET = 7.1;
				PRODUCT_BUNDLE_IDENTIFIER = com.dxjr.alpha;
				PRODUCT_NAME = "$(TARGET_NAME)";
				PROVISIONING_PROFILE = "";
				PROVISIONING_PROFILE_SPECIFIER = "";
				SDKROOT = iphoneos;
				TARGETED_DEVICE_FAMILY = "1,2";
				WRAPPER_EXTENSION = app;
			};
			name = Debug;
		};
		4C81F8161A2FF76B006EC280 /* Release */ = {
			isa = XCBuildConfiguration;
			buildSettings = {
				ARCHS = "$(ARCHS_STANDARD)";
				ASSETCATALOG_COMPILER_APPICON_NAME = AppIcon;
				ASSETCATALOG_COMPILER_LAUNCHIMAGE_NAME = LaunchImage;
				CODE_SIGN_IDENTITY = "iPhone Developer: rong bing (C9Q3CJ4XR3)";
				"CODE_SIGN_IDENTITY[sdk=iphoneos*]" = "iPhone Developer";
				CODE_SIGN_STYLE = Automatic;
				DEVELOPMENT_TEAM = 5WW967ZXW9;
				GCC_PRECOMPILE_PREFIX_HEADER = YES;
				GCC_PREFIX_HEADER = "Video/Video-Prefix.pch";
				INFOPLIST_FILE = "Video/Video-Info.plist";
				IPHONEOS_DEPLOYMENT_TARGET = 7.1;
				PRODUCT_BUNDLE_IDENTIFIER = com.dxjr.alpha;
				PRODUCT_NAME = "$(TARGET_NAME)";
				PROVISIONING_PROFILE = "";
				PROVISIONING_PROFILE_SPECIFIER = "";
				SDKROOT = iphoneos;
				TARGETED_DEVICE_FAMILY = "1,2";
				WRAPPER_EXTENSION = app;
			};
			name = Release;
		};
		4C81F8181A2FF76B006EC280 /* Debug */ = {
			isa = XCBuildConfiguration;
			buildSettings = {
				BUNDLE_LOADER = "$(BUILT_PRODUCTS_DIR)/Video.app/Video";
				FRAMEWORK_SEARCH_PATHS = (
					"$(SDKROOT)/Developer/Library/Frameworks",
					"$(inherited)",
					"$(DEVELOPER_FRAMEWORKS_DIR)",
				);
				GCC_PRECOMPILE_PREFIX_HEADER = YES;
				GCC_PREFIX_HEADER = "Video/Video-Prefix.pch";
				GCC_PREPROCESSOR_DEFINITIONS = (
					"DEBUG=1",
					"$(inherited)",
				);
				INFOPLIST_FILE = "VideoTests/VideoTests-Info.plist";
				PRODUCT_NAME = "$(TARGET_NAME)";
				SDKROOT = iphoneos;
				TEST_HOST = "$(BUNDLE_LOADER)";
				WRAPPER_EXTENSION = xctest;
			};
			name = Debug;
		};
		4C81F8191A2FF76B006EC280 /* Release */ = {
			isa = XCBuildConfiguration;
			buildSettings = {
				BUNDLE_LOADER = "$(BUILT_PRODUCTS_DIR)/Video.app/Video";
				FRAMEWORK_SEARCH_PATHS = (
					"$(SDKROOT)/Developer/Library/Frameworks",
					"$(inherited)",
					"$(DEVELOPER_FRAMEWORKS_DIR)",
				);
				GCC_PRECOMPILE_PREFIX_HEADER = YES;
				GCC_PREFIX_HEADER = "Video/Video-Prefix.pch";
				INFOPLIST_FILE = "VideoTests/VideoTests-Info.plist";
				PRODUCT_NAME = "$(TARGET_NAME)";
				SDKROOT = iphoneos;
				TEST_HOST = "$(BUNDLE_LOADER)";
				WRAPPER_EXTENSION = xctest;
			};
			name = Release;
		};
/* End XCBuildConfiguration section */

/* Begin XCConfigurationList section */
		4C81F7E31A2FF76B006EC280 /* Build configuration list for PBXProject "Video" */ = {
			isa = XCConfigurationList;
			buildConfigurations = (
				4C81F8121A2FF76B006EC280 /* Debug */,
				4C81F8131A2FF76B006EC280 /* Release */,
			);
			defaultConfigurationIsVisible = 0;
			defaultConfigurationName = Release;
		};
		4C81F8141A2FF76B006EC280 /* Build configuration list for PBXNativeTarget "Video" */ = {
			isa = XCConfigurationList;
			buildConfigurations = (
				4C81F8151A2FF76B006EC280 /* Debug */,
				4C81F8161A2FF76B006EC280 /* Release */,
			);
			defaultConfigurationIsVisible = 0;
			defaultConfigurationName = Release;
		};
		4C81F8171A2FF76B006EC280 /* Build configuration list for PBXNativeTarget "VideoTests" */ = {
			isa = XCConfigurationList;
			buildConfigurations = (
				4C81F8181A2FF76B006EC280 /* Debug */,
				4C81F8191A2FF76B006EC280 /* Release */,
			);
			defaultConfigurationIsVisible = 0;
			defaultConfigurationName = Release;
		};
/* End XCConfigurationList section */
	};
	rootObject = 4C81F7E01A2FF76B006EC280 /* Project object */;
}
